
Microsoft Visual Studio Solution File, Format Version 12.00
# Visual Studio 15
VisualStudioVersion = 15.0.28307.168
MinimumVisualStudioVersion = 10.0.40219.1
Project("{9092AA53-FB77-4645-B42D-1CCCA6BD08BD}") = "ApplySofiaKindergarten", "ApplySofiaKindergarten.njsproj", "{CBD8EABF-6B0B-4CFA-B331-7392A39ECB48}"
EndProject
Global
	GlobalSection(SolutionConfigurationPlatforms) = preSolution
		Debug|Any CPU = Debug|Any CPU
		Release|Any CPU = Release|Any CPU
	EndGlobalSection
	GlobalSection(ProjectConfigurationPlatforms) = postSolution
		{CBD8EABF-6B0B-4CFA-B331-7392A39ECB48}.Debug|Any CPU.ActiveCfg = Debug|Any CPU
		{CBD8EABF-6B0B-4CFA-B331-7392A39ECB48}.Debug|Any CPU.Build.0 = Debug|Any CPU
		{CBD8EABF-6B0B-4CFA-B331-7392A39ECB48}.Release|Any CPU.ActiveCfg = Release|Any CPU
		{CBD8EABF-6B0B-4CFA-B331-7392A39ECB48}.Release|Any CPU.Build.0 = Release|Any CPU
	EndGlobalSection
	GlobalSection(SolutionProperties) = preSolution
		HideSolutionNode = FALSE
	EndGlobalSection
	GlobalSection(ExtensibilityGlobals) = postSolution
		SolutionGuid = {A1ABC6C9-9397-43CB-80A5-ECD05B7FA46A}
	EndGlobalSection
EndGlobal
